// !$*UTF8*$!
{
	archiveVersion = 1;
	classes = {
	};
	objectVersion = 48;
	objects = {

/* Begin PBXBuildFile section */
		3EBD625B1FCBE872004E230A /* AppDelegate.swift in Sources */ = {isa = PBXBuildFile; fileRef = 3EBD625A1FCBE872004E230A /* AppDelegate.swift */; };
		3EBD625D1FCBE872004E230A /* ViewController.swift in Sources */ = {isa = PBXBuildFile; fileRef = 3EBD625C1FCBE872004E230A /* ViewController.swift */; };
		3EBD62601FCBE872004E230A /* Main.storyboard in Resources */ = {isa = PBXBuildFile; fileRef = 3EBD625E1FCBE872004E230A /* Main.storyboard */; };
		3EBD62621FCBE872004E230A /* Assets.xcassets in Resources */ = {isa = PBXBuildFile; fileRef = 3EBD62611FCBE872004E230A /* Assets.xcassets */; };
		3EBD62651FCBE872004E230A /* LaunchScreen.storyboard in Resources */ = {isa = PBXBuildFile; fileRef = 3EBD62631FCBE872004E230A /* LaunchScreen.storyboard */; };
		3EFDD21D1FCD2AFF00277774 /* Concentration.swift in Sources */ = {isa = PBXBuildFile; fileRef = 3EFDD21C1FCD2AFF00277774 /* Concentration.swift */; };
		3EFDD21F1FCD2D2800277774 /* Card.swift in Sources */ = {isa = PBXBuildFile; fileRef = 3EFDD21E1FCD2D2800277774 /* Card.swift */; };
/* End PBXBuildFile section */

/* Begin PBXFileReference section */
		3EBD62571FCBE872004E230A /* ConcentrationCard.app */ = {isa = PBXFileReference; explicitFileType = wrapper.application; includeInIndex = 0; path = ConcentrationCard.app; sourceTree = BUILT_PRODUCTS_DIR; };
		3EBD625A1FCBE872004E230A /* AppDelegate.swift */ = {isa = PBXFileReference; lastKnownFileType = sourcecode.swift; path = AppDelegate.swift; sourceTree = "<group>"; };
		3EBD625C1FCBE872004E230A /* ViewController.swift */ = {isa = PBXFileReference; lastKnownFileType = sourcecode.swift; path = ViewController.swift; sourceTree = "<group>"; };
		3EBD625F1FCBE872004E230A /* Base */ = {isa = PBXFileReference; lastKnownFileType = file.storyboard; name = Base; path = Base.lproj/Main.storyboard; sourceTree = "<group>"; };
		3EBD62611FCBE872004E230A /* Assets.xcassets */ = {isa = PBXFileReference; lastKnownFileType = folder.assetcatalog; path = Assets.xcassets; sourceTree = "<group>"; };
		3EBD62641FCBE872004E230A /* Base */ = {isa = PBXFileReference; lastKnownFileType = file.storyboard; name = Base; path = Base.lproj/LaunchScreen.storyboard; sourceTree = "<group>"; };
		3EBD62661FCBE872004E230A /* Info.plist */ = {isa = PBXFileReference; lastKnownFileType = text.plist.xml; path = Info.plist; sourceTree = "<group>"; };
		3EFDD21C1FCD2AFF00277774 /* Concentration.swift */ = {isa = PBXFileReference; lastKnownFileType = sourcecode.swift; path = Concentration.swift; sourceTree = "<group>"; };
		3EFDD21E1FCD2D2800277774 /* Card.swift */ = {isa = PBXFileReference; lastKnownFileType = sourcecode.swift; path = Card.swift; sourceTree = "<group>"; };
/* End PBXFileReference section */

/* Begin PBXFrameworksBuildPhase section */
		3EBD62541FCBE872004E230A /* Frameworks */ = {
			isa = PBXFrameworksBuildPhase;
			buildActionMask = 2147483647;
			files = (
			);
			runOnlyForDeploymentPostprocessing = 0;
		};
/* End PBXFrameworksBuildPhase section */

/* Begin PBXGroup section */
		3EBD624E1FCBE872004E230A = {
			isa = PBXGroup;
			children = (
				3EBD62591FCBE872004E230A /* ConcentrationCard */,
				3EBD62581FCBE872004E230A /* Products */,
			);
			sourceTree = "<group>";
		};
		3EBD62581FCBE872004E230A /* Products */ = {
			isa = PBXGroup;
			children = (
				3EBD62571FCBE872004E230A /* ConcentrationCard.app */,
			);
			name = Products;
			sourceTree = "<group>";
		};
		3EBD62591FCBE872004E230A /* ConcentrationCard */ = {
			isa = PBXGroup;
			children = (
				3EBD625C1FCBE872004E230A /* ViewController.swift */,
				3EBD625E1FCBE872004E230A /* Main.storyboard */,
				3EFDD21C1FCD2AFF00277774 /* Concentration.swift */,
				3EFDD21E1FCD2D2800277774 /* Card.swift */,
				3EBD626C1FCBEC2C004E230A /* Supporting Files */,
				3EBD62631FCBE872004E230A /* LaunchScreen.storyboard */,
				3EBD62661FCBE872004E230A /* Info.plist */,
			);
			path = ConcentrationCard;
			sourceTree = "<group>";
		};
		3EBD626C1FCBEC2C004E230A /* Supporting Files */ = {
			isa = PBXGroup;
			children = (
				3EBD625A1FCBE872004E230A /* AppDelegate.swift */,
				3EBD62611FCBE872004E230A /* Assets.xcassets */,
			);
			path = "Supporting Files";
			sourceTree = "<group>";
		};
/* End PBXGroup section */

/* Begin PBXNativeTarget section */
		3EBD62561FCBE872004E230A /* ConcentrationCard */ = {
			isa = PBXNativeTarget;
			buildConfigurationList = 3EBD62691FCBE872004E230A /* Build configuration list for PBXNativeTarget "ConcentrationCard" */;
			buildPhases = (
				3EBD62531FCBE872004E230A /* Sources */,
				3EBD62541FCBE872004E230A /* Frameworks */,
				3EBD62551FCBE872004E230A /* Resources */,
			);
			buildRules = (
			);
			dependencies = (
			);
			name = ConcentrationCard;
			productName = ConcentrationCard;
			productReference = 3EBD62571FCBE872004E230A /* ConcentrationCard.app */;
			productType = "com.apple.product-type.application";
		};
/* End PBXNativeTarget section */

/* Begin PBXProject section */
		3EBD624F1FCBE872004E230A /* Project object */ = {
			isa = PBXProject;
			attributes = {
				LastSwiftUpdateCheck = 0910;
				LastUpgradeCheck = 0910;
				ORGANIZATIONNAME = "Fabio Quintanilha";
				TargetAttributes = {
					3EBD62561FCBE872004E230A = {
						CreatedOnToolsVersion = 9.1;
						ProvisioningStyle = Automatic;
					};
				};
			};
			buildConfigurationList = 3EBD62521FCBE872004E230A /* Build configuration list for PBXProject "ConcentrationCard" */;
			compatibilityVersion = "Xcode 8.0";
			developmentRegion = en;
			hasScannedForEncodings = 0;
			knownRegions = (
				en,
				Base,
			);
			mainGroup = 3EBD624E1FCBE872004E230A;
			productRefGroup = 3EBD62581FCBE872004E230A /* Products */;
			projectDirPath = "";
			projectRoot = "";
			targets = (
				3EBD62561FCBE872004E230A /* ConcentrationCard */,
			);
		};
/* End PBXProject section */

/* Begin PBXResourcesBuildPhase section */
		3EBD62551FCBE872004E230A /* Resources */ = {
			isa = PBXResourcesBuildPhase;
			buildActionMask = 2147483647;
			files = (
				3EBD62651FCBE872004E230A /* LaunchScreen.storyboard in Resources */,
				3EBD62621FCBE872004E230A /* Assets.xcassets in Resources */,
				3EBD62601FCBE872004E230A /* Main.storyboard in Resources */,
			);
			runOnlyForDeploymentPostprocessing = 0;
		};
/* End PBXResourcesBuildPhase section */

/* Begin PBXSourcesBuildPhase section */
		3EBD62531FCBE872004E230A /* Sources */ = {
			isa = PBXSourcesBuildPhase;
			buildActionMask = 2147483647;
			files = (
				3EBD625D1FCBE872004E230A /* ViewController.swift in Sources */,
				3EBD625B1FCBE872004E230A /* AppDelegate.swift in Sources */,
				3EFDD21D1FCD2AFF00277774 /* Concentration.swift in Sources */,
				3EFDD21F1FCD2D2800277774 /* Card.swift in Sources */,
			);
			runOnlyForDeploymentPostprocessing = 0;
		};
/* End PBXSourcesBuildPhase section */

/* Begin PBXVariantGroup section */
		3EBD625E1FCBE872004E230A /* Main.storyboard */ = {
			isa = PBXVariantGroup;
			children = (
				3EBD625F1FCBE872004E230A /* Base */,
			);
			name = Main.storyboard;
			sourceTree = "<group>";
		};
		3EBD62631FCBE872004E230A /* LaunchScreen.storyboard */ = {
			isa = PBXVariantGroup;
			children = (
				3EBD62641FCBE872004E230A /* Base */,
			);
			name = LaunchScreen.storyboard;
			sourceTree = "<group>";
		};
/* End PBXVariantGroup section */

/* Begin XCBuildConfiguration section */
		3EBD62671FCBE872004E230A /* Debug */ = {
			isa = XCBuildConfiguration;
			buildSettings = {
				ALWAYS_SEARCH_USER_PATHS = NO;
				CLANG_ANALYZER_NONNULL = YES;
				CLANG_ANALYZER_NUMBER_OBJECT_CONVERSION = YES_AGGRESSIVE;
				CLANG_CXX_LANGUAGE_STANDARD = "gnu++14";
				CLANG_CXX_LIBRARY = "libc++";
				CLANG_ENABLE_MODULES = YES;
				CLANG_ENABLE_OBJC_ARC = YES;
				CLANG_WARN_BLOCK_CAPTURE_AUTORELEASING = YES;
				CLANG_WARN_BOOL_CONVERSION = YES;
				CLANG_WARN_COMMA = YES;
				CLANG_WARN_CONSTANT_CONVERSION = YES;
				CLANG_WARN_DIRECT_OBJC_ISA_USAGE = YES_ERROR;
				CLANG_WARN_DOCUMENTATION_COMMENTS = YES;
				CLANG_WARN_EMPTY_BODY = YES;
				CLANG_WARN_ENUM_CONVERSION = YES;
				CLANG_WARN_INFINITE_RECURSION = YES;
				CLANG_WARN_INT_CONVERSION = YES;
				CLANG_WARN_NON_LITERAL_NULL_CONVERSION = YES;
				CLANG_WARN_OBJC_LITERAL_CONVERSION = YES;
				CLANG_WARN_OBJC_ROOT_CLASS = YES_ERROR;
				CLANG_WARN_RANGE_LOOP_ANALYSIS = YES;
				CLANG_WARN_STRICT_PROTOTYPES = YES;
				CLANG_WARN_SUSPICIOUS_MOVE = YES;
				CLANG_WARN_UNGUARDED_AVAILABILITY = YES_AGGRESSIVE;
				CLANG_WARN_UNREACHABLE_CODE = YES;
				CLANG_WARN__DUPLICATE_METHOD_MATCH = YES;
				CODE_SIGN_IDENTITY = "iPhone Developer";
				COPY_PHASE_STRIP = NO;
				DEBUG_INFORMATION_FORMAT = dwarf;
				ENABLE_STRICT_OBJC_MSGSEND = YES;
				ENABLE_TESTABILITY = YES;
				GCC_C_LANGUAGE_STANDARD = gnu11;
				GCC_DYNAMIC_NO_PIC = NO;
				GCC_NO_COMMON_BLOCKS = YES;
				GCC_OPTIMIZATION_LEVEL = 0;
				GCC_PREPROCESSOR_DEFINITIONS = (
					"DEBUG=1",
					"$(inherited)",
				);
				GCC_WARN_64_TO_32_BIT_CONVERSION = YES;
				GCC_WARN_ABOUT_RETURN_TYPE = YES_ERROR;
				GCC_WARN_UNDECLARED_SELECTOR = YES;
				GCC_WARN_UNINITIALIZED_AUTOS = YES_AGGRESSIVE;
				GCC_WARN_UNUSED_FUNCTION = YES;
				GCC_WARN_UNUSED_VARIABLE = YES;
				IPHONEOS_DEPLOYMENT_TARGET = 11.1;
				MTL_ENABLE_DEBUG_INFO = YES;
				ONLY_ACTIVE_ARCH = YES;
				SDKROOT = iphoneos;
				SWIFT_ACTIVE_COMPILATION_CONDITIONS = DEBUG;
				SWIFT_OPTIMIZATION_LEVEL = "-Onone";
			};
			name = Debug;
		};
		3EBD62681FCBE872004E230A /* Release */ = {
			isa = XCBuildConfiguration;
			buildSettings = {
				ALWAYS_SEARCH_USER_PATHS = NO;
				CLANG_ANALYZER_NONNULL = YES;
				CLANG_ANALYZER_NUMBER_OBJECT_CONVERSION = YES_AGGRESSIVE;
				CLANG_CXX_LANGUAGE_STANDARD = "gnu++14";
				CLANG_CXX_LIBRARY = "libc++";
				CLANG_ENABLE_MODULES = YES;
				CLANG_ENABLE_OBJC_ARC = YES;
				CLANG_WARN_BLOCK_CAPTURE_AUTORELEASING = YES;
				CLANG_WARN_BOOL_CONVERSION = YES;
				CLANG_WARN_COMMA = YES;
				CLANG_WARN_CONSTANT_CONVERSION = YES;
				CLANG_WARN_DIRECT_OBJC_ISA_USAGE = YES_ERROR;
				CLANG_WARN_DOCUMENTATION_COMMENTS = YES;
				CLANG_WARN_EMPTY_BODY = YES;
				CLANG_WARN_ENUM_CONVERSION = YES;
				CLANG_WARN_INFINITE_RECURSION = YES;
				CLANG_WARN_INT_CONVERSION = YES;
				CLANG_WARN_NON_LITERAL_NULL_CONVERSION = YES;
				CLANG_WARN_OBJC_LITERAL_CONVERSION = YES;
				CLANG_WARN_OBJC_ROOT_CLASS = YES_ERROR;
				CLANG_WARN_RANGE_LOOP_ANALYSIS = YES;
				CLANG_WARN_STRICT_PROTOTYPES = YES;
				CLANG_WARN_SUSPICIOUS_MOVE = YES;
				CLANG_WARN_UNGUARDED_AVAILABILITY = YES_AGGRESSIVE;
				CLANG_WARN_UNREACHABLE_CODE = YES;
				CLANG_WARN__DUPLICATE_METHOD_MATCH = YES;
				CODE_SIGN_IDENTITY = "iPhone Developer";
				COPY_PHASE_STRIP = NO;
				DEBUG_INFORMATION_FORMAT = "dwarf-with-dsym";
				ENABLE_NS_ASSERTIONS = NO;
				ENABLE_STRICT_OBJC_MSGSEND = YES;
				GCC_C_LANGUAGE_STANDARD = gnu11;
				GCC_NO_COMMON_BLOCKS = YES;
				GCC_WARN_64_TO_32_BIT_CONVERSION = YES;
				GCC_WARN_ABOUT_RETURN_TYPE = YES_ERROR;
				GCC_WARN_UNDECLARED_SELECTOR = YES;
				GCC_WARN_UNINITIALIZED_AUTOS = YES_AGGRESSIVE;
				GCC_WARN_UNUSED_FUNCTION = YES;
				GCC_WARN_UNUSED_VARIABLE = YES;
				IPHONEOS_DEPLOYMENT_TARGET = 11.1;
				MTL_ENABLE_DEBUG_INFO = NO;
				SDKROOT = iphoneos;
				SWIFT_OPTIMIZATION_LEVEL = "-Owholemodule";
				VALIDATE_PRODUCT = YES;
			};
			name = Release;
		};
		3EBD626A1FCBE872004E230A /* Debug */ = {
			isa = XCBuildConfiguration;
			buildSettings = {
				ASSETCATALOG_COMPILER_APPICON_NAME = AppIcon;
				CODE_SIGN_STYLE = Automatic;
				DEVELOPMENT_TEAM = RAQ8F4J76H;
				INFOPLIST_FILE = ConcentrationCard/Info.plist;
				LD_RUNPATH_SEARCH_PATHS = "$(inherited) @executable_path/Frameworks";
				PRODUCT_BUNDLE_IDENTIFIER = com.bwtdirectgroup.ConcentrationCard;
				PRODUCT_NAME = "$(TARGET_NAME)";
				SWIFT_VERSION = 4.0;
				TARGETED_DEVICE_FAMILY = "1,2";
			};
			name = Debug;
		};
		3EBD626B1FCBE872004E230A /* Release */ = {
			isa = XCBuildConfiguration;
			buildSettings = {
				ASSETCATALOG_COMPILER_APPICON_NAME = AppIcon;
				CODE_SIGN_STYLE = Automatic;
				DEVELOPMENT_TEAM = RAQ8F4J76H;
				INFOPLIST_FILE = ConcentrationCard/Info.plist;
				LD_RUNPATH_SEARCH_PATHS = "$(inherited) @executable_path/Frameworks";
				PRODUCT_BUNDLE_IDENTIFIER = com.bwtdirectgroup.ConcentrationCard;
				PRODUCT_NAME = "$(TARGET_NAME)";
				SWIFT_VERSION = 4.0;
				TARGETED_DEVICE_FAMILY = "1,2";
			};
			name = Release;
		};
/* End XCBuildConfiguration section */

/* Begin XCConfigurationList section */
		3EBD62521FCBE872004E230A /* Build configuration list for PBXProject "ConcentrationCard" */ = {
			isa = XCConfigurationList;
			buildConfigurations = (
				3EBD62671FCBE872004E230A /* Debug */,
				3EBD62681FCBE872004E230A /* Release */,
			);
			defaultConfigurationIsVisible = 0;
			defaultConfigurationName = Release;
		};
		3EBD62691FCBE872004E230A /* Build configuration list for PBXNativeTarget "ConcentrationCard" */ = {
			isa = XCConfigurationList;
			buildConfigurations = (
				3EBD626A1FCBE872004E230A /* Debug */,
				3EBD626B1FCBE872004E230A /* Release */,
			);
			defaultConfigurationIsVisible = 0;
			defaultConfigurationName = Release;
		};
/* End XCConfigurationList section */
	};
	rootObject = 3EBD624F1FCBE872004E230A /* Project object */;
}
